// !$*UTF8*$!
{
	archiveVersion = 1;
	classes = {
	};
	objectVersion = 56;
	objects = {

/* Begin PBXBuildFile section */
		3106B337B7E84ADDE3F8E365 /* Pods_viper_example.framework in Frameworks */ = {isa = PBXBuildFile; fileRef = EFE578D1218B66F5AD700ECC /* Pods_viper_example.framework */; };
		674FC492AD3518A0D5173189 /* Pods_viper_exampleTests.framework in Frameworks */ = {isa = PBXBuildFile; fileRef = 094FC9B9585C3FCF1D5EFAE8 /* Pods_viper_exampleTests.framework */; };
		C90247C72B66A75A00009B73 /* BasketPresenter.swift in Sources */ = {isa = PBXBuildFile; fileRef = C90247C62B66A75A00009B73 /* BasketPresenter.swift */; };
		C90247C92B66A76600009B73 /* BasketInteractor.swift in Sources */ = {isa = PBXBuildFile; fileRef = C90247C82B66A76600009B73 /* BasketInteractor.swift */; };
		C90247CB2B66A77100009B73 /* BasketRouter.swift in Sources */ = {isa = PBXBuildFile; fileRef = C90247CA2B66A77100009B73 /* BasketRouter.swift */; };
		C90247CD2B66A78300009B73 /* BasketProtocol.swift in Sources */ = {isa = PBXBuildFile; fileRef = C90247CC2B66A78300009B73 /* BasketProtocol.swift */; };
		C90247CF2B66A79400009B73 /* BasketEntity.swift in Sources */ = {isa = PBXBuildFile; fileRef = C90247CE2B66A79400009B73 /* BasketEntity.swift */; };
		C90247D22B66A7B800009B73 /* BasketViewController.swift in Sources */ = {isa = PBXBuildFile; fileRef = C90247D02B66A7B800009B73 /* BasketViewController.swift */; };
		C919A20C2AA3896E00BCF7F5 /* UIScrollView.swift in Sources */ = {isa = PBXBuildFile; fileRef = C919A20B2AA3896E00BCF7F5 /* UIScrollView.swift */; };
		C919A2112AA3E20900BCF7F5 /* AuthenticationPresenter.swift in Sources */ = {isa = PBXBuildFile; fileRef = C919A2102AA3E20900BCF7F5 /* AuthenticationPresenter.swift */; };
		C919A2132AA3E22100BCF7F5 /* AuthenticationInteractor.swift in Sources */ = {isa = PBXBuildFile; fileRef = C919A2122AA3E22100BCF7F5 /* AuthenticationInteractor.swift */; };
		C919A2152AA3E23500BCF7F5 /* AuthenticationRouter.swift in Sources */ = {isa = PBXBuildFile; fileRef = C919A2142AA3E23500BCF7F5 /* AuthenticationRouter.swift */; };
		C919A2172AA3E27000BCF7F5 /* AuthenticationViewController.swift in Sources */ = {isa = PBXBuildFile; fileRef = C919A2162AA3E27000BCF7F5 /* AuthenticationViewController.swift */; };
		C919A2192AA4B42400BCF7F5 /* AuthenticationProtocol.swift in Sources */ = {isa = PBXBuildFile; fileRef = C919A2182AA4B42400BCF7F5 /* AuthenticationProtocol.swift */; };
		C919A21B2AA4C40800BCF7F5 /* AuthenticationEntity.swift in Sources */ = {isa = PBXBuildFile; fileRef = C919A21A2AA4C40800BCF7F5 /* AuthenticationEntity.swift */; };
		C94B04802AEC440A00DF2D60 /* ProductsViewController.swift in Sources */ = {isa = PBXBuildFile; fileRef = C94B047E2AEC440A00DF2D60 /* ProductsViewController.swift */; };
		C94B04812AEC440A00DF2D60 /* ProductsViewController.xib in Resources */ = {isa = PBXBuildFile; fileRef = C94B047F2AEC440A00DF2D60 /* ProductsViewController.xib */; };
		C94B04832AEC442A00DF2D60 /* ProductsPresenter.swift in Sources */ = {isa = PBXBuildFile; fileRef = C94B04822AEC442A00DF2D60 /* ProductsPresenter.swift */; };
		C94B04852AEC443E00DF2D60 /* ProductsInteractor.swift in Sources */ = {isa = PBXBuildFile; fileRef = C94B04842AEC443E00DF2D60 /* ProductsInteractor.swift */; };
		C94B04872AEC445600DF2D60 /* ProductsRouter.swift in Sources */ = {isa = PBXBuildFile; fileRef = C94B04862AEC445600DF2D60 /* ProductsRouter.swift */; };
		C94B04892AEC446500DF2D60 /* ProductsProtocol.swift in Sources */ = {isa = PBXBuildFile; fileRef = C94B04882AEC446500DF2D60 /* ProductsProtocol.swift */; };
		C94B048B2AEC447300DF2D60 /* ProductsEntity.swift in Sources */ = {isa = PBXBuildFile; fileRef = C94B048A2AEC447300DF2D60 /* ProductsEntity.swift */; };
		C94B049A2AEE951600DF2D60 /* CategoriesCollectionViewCell.swift in Sources */ = {isa = PBXBuildFile; fileRef = C94B04982AEE951600DF2D60 /* CategoriesCollectionViewCell.swift */; };
		C94B049B2AEE951600DF2D60 /* CategoriesCollectionViewCell.xib in Resources */ = {isa = PBXBuildFile; fileRef = C94B04992AEE951600DF2D60 /* CategoriesCollectionViewCell.xib */; };
		C9594B6F2B01409800624E79 /* NetworkManager.swift in Sources */ = {isa = PBXBuildFile; fileRef = C9594B6E2B01409800624E79 /* NetworkManager.swift */; };
		C9594B712B01415900624E79 /* JSONManager.swift in Sources */ = {isa = PBXBuildFile; fileRef = C9594B702B01415900624E79 /* JSONManager.swift */; };
		C95BD1D32B85452600DF55F5 /* Int.swift in Sources */ = {isa = PBXBuildFile; fileRef = C95BD1D22B85452600DF55F5 /* Int.swift */; };
		C96E8C7C2B24CC7200EFBCEF /* ProductDetailPresenter.swift in Sources */ = {isa = PBXBuildFile; fileRef = C96E8C7B2B24CC7200EFBCEF /* ProductDetailPresenter.swift */; };
		C96E8C7F2B24CC9000EFBCEF /* ProductDetailInteractor.swift in Sources */ = {isa = PBXBuildFile; fileRef = C96E8C7E2B24CC9000EFBCEF /* ProductDetailInteractor.swift */; };
		C96E8C812B24CCB600EFBCEF /* ProductDetailRouter.swift in Sources */ = {isa = PBXBuildFile; fileRef = C96E8C802B24CCB600EFBCEF /* ProductDetailRouter.swift */; };
		C96E8C832B24CCC500EFBCEF /* ProductDetailProtocol.swift in Sources */ = {isa = PBXBuildFile; fileRef = C96E8C822B24CCC500EFBCEF /* ProductDetailProtocol.swift */; };
		C96E8C852B24CCE900EFBCEF /* ProductDetailEntity.swift in Sources */ = {isa = PBXBuildFile; fileRef = C96E8C842B24CCE900EFBCEF /* ProductDetailEntity.swift */; };
		C96E8C882B24CD2500EFBCEF /* ProductDetailViewController.swift in Sources */ = {isa = PBXBuildFile; fileRef = C96E8C862B24CD2500EFBCEF /* ProductDetailViewController.swift */; };
		C96E8C892B24CD2500EFBCEF /* ProductDetailViewController.xib in Resources */ = {isa = PBXBuildFile; fileRef = C96E8C872B24CD2500EFBCEF /* ProductDetailViewController.xib */; };
		C96E8C8C2B260B1300EFBCEF /* BottomBarTemp.swift in Sources */ = {isa = PBXBuildFile; fileRef = C96E8C8B2B260B1300EFBCEF /* BottomBarTemp.swift */; };
		C973C1DE2B0F723B0060B6CE /* Extension.swift in Sources */ = {isa = PBXBuildFile; fileRef = C973C1DD2B0F723B0060B6CE /* Extension.swift */; };
		C984F32E2B6EAA5300578771 /* CustomQuantityController.swift in Sources */ = {isa = PBXBuildFile; fileRef = C984F32D2B6EAA5300578771 /* CustomQuantityController.swift */; };
		C984F3302B6EB09300578771 /* UIImage.swift in Sources */ = {isa = PBXBuildFile; fileRef = C984F32F2B6EB09300578771 /* UIImage.swift */; };
		C984F3322B6EBB0000578771 /* CoreDataObservable.swift in Sources */ = {isa = PBXBuildFile; fileRef = C984F3312B6EBB0000578771 /* CoreDataObservable.swift */; };
		C984F3362B6EBE2200578771 /* Basket+CoreDataProperties.swift in Sources */ = {isa = PBXBuildFile; fileRef = C984F3342B6EBE2200578771 /* Basket+CoreDataProperties.swift */; };
		C984F3372B6EBE2200578771 /* Basket+CoreDataClass.swift in Sources */ = {isa = PBXBuildFile; fileRef = C984F3352B6EBE2200578771 /* Basket+CoreDataClass.swift */; };
		C989421B2B65865700166DEF /* ProductsEntity+CoreDataClass.swift in Sources */ = {isa = PBXBuildFile; fileRef = C98942192B65865700166DEF /* ProductsEntity+CoreDataClass.swift */; };
		C989421C2B65865700166DEF /* ProductsEntity+CoreDataProperties.swift in Sources */ = {isa = PBXBuildFile; fileRef = C989421A2B65865700166DEF /* ProductsEntity+CoreDataProperties.swift */; };
		C98C7F3A2B8260C900A52F32 /* BasketCell.swift in Sources */ = {isa = PBXBuildFile; fileRef = C98C7F392B8260C900A52F32 /* BasketCell.swift */; };
		C98F99832A9E78A300ADDE12 /* AppDelegate.swift in Sources */ = {isa = PBXBuildFile; fileRef = C98F99822A9E78A300ADDE12 /* AppDelegate.swift */; };
		C98F99852A9E78A300ADDE12 /* SceneDelegate.swift in Sources */ = {isa = PBXBuildFile; fileRef = C98F99842A9E78A300ADDE12 /* SceneDelegate.swift */; };
		C98F99872A9E78A300ADDE12 /* OnBoardingView.swift in Sources */ = {isa = PBXBuildFile; fileRef = C98F99862A9E78A300ADDE12 /* OnBoardingView.swift */; };
		C98F998A2A9E78A300ADDE12 /* Main.storyboard in Resources */ = {isa = PBXBuildFile; fileRef = C98F99882A9E78A300ADDE12 /* Main.storyboard */; };
		C98F998D2A9E78A300ADDE12 /* ViperExampleApp.xcdatamodeld in Sources */ = {isa = PBXBuildFile; fileRef = C98F998B2A9E78A300ADDE12 /* ViperExampleApp.xcdatamodeld */; };
		C98F998F2A9E78A400ADDE12 /* Assets.xcassets in Resources */ = {isa = PBXBuildFile; fileRef = C98F998E2A9E78A400ADDE12 /* Assets.xcassets */; };
		C98F99922A9E78A400ADDE12 /* LaunchScreen.storyboard in Resources */ = {isa = PBXBuildFile; fileRef = C98F99902A9E78A400ADDE12 /* LaunchScreen.storyboard */; };
		C98F999D2A9E78A500ADDE12 /* viper_exampleTests.swift in Sources */ = {isa = PBXBuildFile; fileRef = C98F999C2A9E78A500ADDE12 /* viper_exampleTests.swift */; };
		C98F99A72A9E78A500ADDE12 /* viper_exampleUITests.swift in Sources */ = {isa = PBXBuildFile; fileRef = C98F99A62A9E78A500ADDE12 /* viper_exampleUITests.swift */; };
		C98F99A92A9E78A500ADDE12 /* viper_exampleUITestsLaunchTests.swift in Sources */ = {isa = PBXBuildFile; fileRef = C98F99A82A9E78A500ADDE12 /* viper_exampleUITestsLaunchTests.swift */; };
		C99773E72ABF282300DBE07F /* GoogleService-Info.plist in Resources */ = {isa = PBXBuildFile; fileRef = C99773E62ABF282300DBE07F /* GoogleService-Info.plist */; };
		C99773EA2ABF346100DBE07F /* ErrorManager.swift in Sources */ = {isa = PBXBuildFile; fileRef = C99773E92ABF346100DBE07F /* ErrorManager.swift */; };
		C9C5F47D2B5D83A90058FEAF /* PersistentController.swift in Sources */ = {isa = PBXBuildFile; fileRef = C9C5F47C2B5D83A90058FEAF /* PersistentController.swift */; };
		C9C5F47F2B5D85460058FEAF /* String.swift in Sources */ = {isa = PBXBuildFile; fileRef = C9C5F47E2B5D85460058FEAF /* String.swift */; };
		C9CF38752B0DE6460055E7EA /* ProductsCell.swift in Sources */ = {isa = PBXBuildFile; fileRef = C9CF38742B0DE6460055E7EA /* ProductsCell.swift */; };
		C9CF38772B0DE8020055E7EA /* ProductsCell.xib in Resources */ = {isa = PBXBuildFile; fileRef = C9CF38762B0DE8020055E7EA /* ProductsCell.xib */; };
		C9D2FFD92B8A618F002C17CF /* BasketViewController.xib in Resources */ = {isa = PBXBuildFile; fileRef = C9D2FFD82B8A60E5002C17CF /* BasketViewController.xib */; };
		C9D2FFDB2B8A6579002C17CF /* Helpers.swift in Sources */ = {isa = PBXBuildFile; fileRef = C9D2FFDA2B8A6579002C17CF /* Helpers.swift */; };
		C9D2FFDF2B8A6812002C17CF /* SearchViewController.swift in Sources */ = {isa = PBXBuildFile; fileRef = C9D2FFDD2B8A6812002C17CF /* SearchViewController.swift */; };
		C9D2FFE02B8A6812002C17CF /* SearchViewController.xib in Resources */ = {isa = PBXBuildFile; fileRef = C9D2FFDE2B8A6812002C17CF /* SearchViewController.xib */; };
		C9D2FFE22B8A6820002C17CF /* SearchEntity.swift in Sources */ = {isa = PBXBuildFile; fileRef = C9D2FFE12B8A6820002C17CF /* SearchEntity.swift */; };
		C9D2FFE42B8A683E002C17CF /* SearchRouter.swift in Sources */ = {isa = PBXBuildFile; fileRef = C9D2FFE32B8A683E002C17CF /* SearchRouter.swift */; };
		C9D2FFE62B8A684F002C17CF /* SearchProtocol.swift in Sources */ = {isa = PBXBuildFile; fileRef = C9D2FFE52B8A684F002C17CF /* SearchProtocol.swift */; };
		C9D2FFE82B8A6899002C17CF /* SearchPresenter.swift in Sources */ = {isa = PBXBuildFile; fileRef = C9D2FFE72B8A6899002C17CF /* SearchPresenter.swift */; };
		C9D2FFEA2B8A68A6002C17CF /* SearchInteractor.swift in Sources */ = {isa = PBXBuildFile; fileRef = C9D2FFE92B8A68A6002C17CF /* SearchInteractor.swift */; };
		C9D2FFF02B8AAA58002C17CF /* SearchCategoriesCell.xib in Resources */ = {isa = PBXBuildFile; fileRef = C9D2FFEF2B8AAA58002C17CF /* SearchCategoriesCell.xib */; };
		C9D2FFF22B8AAC97002C17CF /* SearchCategoriesCell.swift in Sources */ = {isa = PBXBuildFile; fileRef = C9D2FFF12B8AAC97002C17CF /* SearchCategoriesCell.swift */; };
		C9D2FFF52B8AB255002C17CF /* SearchProductsCell.xib in Resources */ = {isa = PBXBuildFile; fileRef = C9D2FFF42B8AB255002C17CF /* SearchProductsCell.xib */; };
		C9D2FFF72B8AB263002C17CF /* SearchProductsCell.swift in Sources */ = {isa = PBXBuildFile; fileRef = C9D2FFF62B8AB263002C17CF /* SearchProductsCell.swift */; };
		C9F09B392AF81A5F007EFA8D /* Constant.swift in Sources */ = {isa = PBXBuildFile; fileRef = C9F09B382AF81A5F007EFA8D /* Constant.swift */; };
		C9FD91772B825A76008CE6EB /* BasketCell.xib in Resources */ = {isa = PBXBuildFile; fileRef = C9FD91762B825A76008CE6EB /* BasketCell.xib */; };
		D900BFA7D75A98DDC33C18C1 /* Pods_viper_example_viper_exampleUITests.framework in Frameworks */ = {isa = PBXBuildFile; fileRef = 6D4B8C0CA53A6605F0701067 /* Pods_viper_example_viper_exampleUITests.framework */; };
/* End PBXBuildFile section */

/* Begin PBXContainerItemProxy section */
		C98F99992A9E78A500ADDE12 /* PBXContainerItemProxy */ = {
			isa = PBXContainerItemProxy;
			containerPortal = C98F99772A9E78A300ADDE12 /* Project object */;
			proxyType = 1;
			remoteGlobalIDString = C98F997E2A9E78A300ADDE12;
			remoteInfo = "viper-example";
		};
		C98F99A32A9E78A500ADDE12 /* PBXContainerItemProxy */ = {
			isa = PBXContainerItemProxy;
			containerPortal = C98F99772A9E78A300ADDE12 /* Project object */;
			proxyType = 1;
			remoteGlobalIDString = C98F997E2A9E78A300ADDE12;
			remoteInfo = "viper-example";
		};
/* End PBXContainerItemProxy section */

/* Begin PBXFileReference section */
		094FC9B9585C3FCF1D5EFAE8 /* Pods_viper_exampleTests.framework */ = {isa = PBXFileReference; explicitFileType = wrapper.framework; includeInIndex = 0; path = Pods_viper_exampleTests.framework; sourceTree = BUILT_PRODUCTS_DIR; };
		19F3A5CADECED040600CF4E4 /* Pods-viper-exampleTests.debug.xcconfig */ = {isa = PBXFileReference; includeInIndex = 1; lastKnownFileType = text.xcconfig; name = "Pods-viper-exampleTests.debug.xcconfig"; path = "Target Support Files/Pods-viper-exampleTests/Pods-viper-exampleTests.debug.xcconfig"; sourceTree = "<group>"; };
		48F7650E74F26FA5FB34CBD1 /* Pods-viper-example-viper-exampleUITests.debug.xcconfig */ = {isa = PBXFileReference; includeInIndex = 1; lastKnownFileType = text.xcconfig; name = "Pods-viper-example-viper-exampleUITests.debug.xcconfig"; path = "Target Support Files/Pods-viper-example-viper-exampleUITests/Pods-viper-example-viper-exampleUITests.debug.xcconfig"; sourceTree = "<group>"; };
		6D4B8C0CA53A6605F0701067 /* Pods_viper_example_viper_exampleUITests.framework */ = {isa = PBXFileReference; explicitFileType = wrapper.framework; includeInIndex = 0; path = Pods_viper_example_viper_exampleUITests.framework; sourceTree = BUILT_PRODUCTS_DIR; };
		74C07C6A3F9E8F9A4757BD57 /* Pods-viper-exampleTests.release.xcconfig */ = {isa = PBXFileReference; includeInIndex = 1; lastKnownFileType = text.xcconfig; name = "Pods-viper-exampleTests.release.xcconfig"; path = "Target Support Files/Pods-viper-exampleTests/Pods-viper-exampleTests.release.xcconfig"; sourceTree = "<group>"; };
		7C4DCC148B45DF0A51E74638 /* Pods-viper-example.release.xcconfig */ = {isa = PBXFileReference; includeInIndex = 1; lastKnownFileType = text.xcconfig; name = "Pods-viper-example.release.xcconfig"; path = "Target Support Files/Pods-viper-example/Pods-viper-example.release.xcconfig"; sourceTree = "<group>"; };
		C90247C62B66A75A00009B73 /* BasketPresenter.swift */ = {isa = PBXFileReference; lastKnownFileType = sourcecode.swift; path = BasketPresenter.swift; sourceTree = "<group>"; };
		C90247C82B66A76600009B73 /* BasketInteractor.swift */ = {isa = PBXFileReference; lastKnownFileType = sourcecode.swift; path = BasketInteractor.swift; sourceTree = "<group>"; };
		C90247CA2B66A77100009B73 /* BasketRouter.swift */ = {isa = PBXFileReference; lastKnownFileType = sourcecode.swift; path = BasketRouter.swift; sourceTree = "<group>"; };
		C90247CC2B66A78300009B73 /* BasketProtocol.swift */ = {isa = PBXFileReference; lastKnownFileType = sourcecode.swift; path = BasketProtocol.swift; sourceTree = "<group>"; };
		C90247CE2B66A79400009B73 /* BasketEntity.swift */ = {isa = PBXFileReference; lastKnownFileType = sourcecode.swift; path = BasketEntity.swift; sourceTree = "<group>"; };
		C90247D02B66A7B800009B73 /* BasketViewController.swift */ = {isa = PBXFileReference; lastKnownFileType = sourcecode.swift; path = BasketViewController.swift; sourceTree = "<group>"; };
		C919A20B2AA3896E00BCF7F5 /* UIScrollView.swift */ = {isa = PBXFileReference; lastKnownFileType = sourcecode.swift; path = UIScrollView.swift; sourceTree = "<group>"; };
		C919A2102AA3E20900BCF7F5 /* AuthenticationPresenter.swift */ = {isa = PBXFileReference; lastKnownFileType = sourcecode.swift; path = AuthenticationPresenter.swift; sourceTree = "<group>"; };
		C919A2122AA3E22100BCF7F5 /* AuthenticationInteractor.swift */ = {isa = PBXFileReference; lastKnownFileType = sourcecode.swift; path = AuthenticationInteractor.swift; sourceTree = "<group>"; };
		C919A2142AA3E23500BCF7F5 /* AuthenticationRouter.swift */ = {isa = PBXFileReference; lastKnownFileType = sourcecode.swift; path = AuthenticationRouter.swift; sourceTree = "<group>"; };
		C919A2162AA3E27000BCF7F5 /* AuthenticationViewController.swift */ = {isa = PBXFileReference; lastKnownFileType = sourcecode.swift; path = AuthenticationViewController.swift; sourceTree = "<group>"; };
		C919A2182AA4B42400BCF7F5 /* AuthenticationProtocol.swift */ = {isa = PBXFileReference; lastKnownFileType = sourcecode.swift; path = AuthenticationProtocol.swift; sourceTree = "<group>"; };
		C919A21A2AA4C40800BCF7F5 /* AuthenticationEntity.swift */ = {isa = PBXFileReference; lastKnownFileType = sourcecode.swift; path = AuthenticationEntity.swift; sourceTree = "<group>"; };
		C94B047E2AEC440A00DF2D60 /* ProductsViewController.swift */ = {isa = PBXFileReference; lastKnownFileType = sourcecode.swift; path = ProductsViewController.swift; sourceTree = "<group>"; };
		C94B047F2AEC440A00DF2D60 /* ProductsViewController.xib */ = {isa = PBXFileReference; lastKnownFileType = file.xib; path = ProductsViewController.xib; sourceTree = "<group>"; };
		C94B04822AEC442A00DF2D60 /* ProductsPresenter.swift */ = {isa = PBXFileReference; lastKnownFileType = sourcecode.swift; path = ProductsPresenter.swift; sourceTree = "<group>"; };
		C94B04842AEC443E00DF2D60 /* ProductsInteractor.swift */ = {isa = PBXFileReference; lastKnownFileType = sourcecode.swift; path = ProductsInteractor.swift; sourceTree = "<group>"; };
		C94B04862AEC445600DF2D60 /* ProductsRouter.swift */ = {isa = PBXFileReference; lastKnownFileType = sourcecode.swift; path = ProductsRouter.swift; sourceTree = "<group>"; };
		C94B04882AEC446500DF2D60 /* ProductsProtocol.swift */ = {isa = PBXFileReference; lastKnownFileType = sourcecode.swift; path = ProductsProtocol.swift; sourceTree = "<group>"; };
		C94B048A2AEC447300DF2D60 /* ProductsEntity.swift */ = {isa = PBXFileReference; lastKnownFileType = sourcecode.swift; path = ProductsEntity.swift; sourceTree = "<group>"; };
		C94B04982AEE951600DF2D60 /* CategoriesCollectionViewCell.swift */ = {isa = PBXFileReference; lastKnownFileType = sourcecode.swift; path = CategoriesCollectionViewCell.swift; sourceTree = "<group>"; };
		C94B04992AEE951600DF2D60 /* CategoriesCollectionViewCell.xib */ = {isa = PBXFileReference; lastKnownFileType = file.xib; path = CategoriesCollectionViewCell.xib; sourceTree = "<group>"; };
		C9594B6E2B01409800624E79 /* NetworkManager.swift */ = {isa = PBXFileReference; lastKnownFileType = sourcecode.swift; path = NetworkManager.swift; sourceTree = "<group>"; };
		C9594B702B01415900624E79 /* JSONManager.swift */ = {isa = PBXFileReference; lastKnownFileType = sourcecode.swift; path = JSONManager.swift; sourceTree = "<group>"; };
		C95BD1D22B85452600DF55F5 /* Int.swift */ = {isa = PBXFileReference; lastKnownFileType = sourcecode.swift; path = Int.swift; sourceTree = "<group>"; };
		C96E8C7B2B24CC7200EFBCEF /* ProductDetailPresenter.swift */ = {isa = PBXFileReference; lastKnownFileType = sourcecode.swift; path = ProductDetailPresenter.swift; sourceTree = "<group>"; };
		C96E8C7E2B24CC9000EFBCEF /* ProductDetailInteractor.swift */ = {isa = PBXFileReference; lastKnownFileType = sourcecode.swift; path = ProductDetailInteractor.swift; sourceTree = "<group>"; };
		C96E8C802B24CCB600EFBCEF /* ProductDetailRouter.swift */ = {isa = PBXFileReference; lastKnownFileType = sourcecode.swift; path = ProductDetailRouter.swift; sourceTree = "<group>"; };
		C96E8C822B24CCC500EFBCEF /* ProductDetailProtocol.swift */ = {isa = PBXFileReference; lastKnownFileType = sourcecode.swift; path = ProductDetailProtocol.swift; sourceTree = "<group>"; };
		C96E8C842B24CCE900EFBCEF /* ProductDetailEntity.swift */ = {isa = PBXFileReference; lastKnownFileType = sourcecode.swift; path = ProductDetailEntity.swift; sourceTree = "<group>"; };
		C96E8C862B24CD2500EFBCEF /* ProductDetailViewController.swift */ = {isa = PBXFileReference; lastKnownFileType = sourcecode.swift; path = ProductDetailViewController.swift; sourceTree = "<group>"; };
		C96E8C872B24CD2500EFBCEF /* ProductDetailViewController.xib */ = {isa = PBXFileReference; lastKnownFileType = file.xib; path = ProductDetailViewController.xib; sourceTree = "<group>"; };
		C96E8C8B2B260B1300EFBCEF /* BottomBarTemp.swift */ = {isa = PBXFileReference; lastKnownFileType = sourcecode.swift; path = BottomBarTemp.swift; sourceTree = "<group>"; };
		C973C1DD2B0F723B0060B6CE /* Extension.swift */ = {isa = PBXFileReference; lastKnownFileType = sourcecode.swift; path = Extension.swift; sourceTree = "<group>"; };
		C984F32D2B6EAA5300578771 /* CustomQuantityController.swift */ = {isa = PBXFileReference; lastKnownFileType = sourcecode.swift; path = CustomQuantityController.swift; sourceTree = "<group>"; };
		C984F32F2B6EB09300578771 /* UIImage.swift */ = {isa = PBXFileReference; lastKnownFileType = sourcecode.swift; path = UIImage.swift; sourceTree = "<group>"; };
		C984F3312B6EBB0000578771 /* CoreDataObservable.swift */ = {isa = PBXFileReference; lastKnownFileType = sourcecode.swift; path = CoreDataObservable.swift; sourceTree = "<group>"; };
		C984F3342B6EBE2200578771 /* Basket+CoreDataProperties.swift */ = {isa = PBXFileReference; fileEncoding = 4; lastKnownFileType = sourcecode.swift; path = "Basket+CoreDataProperties.swift"; sourceTree = "<group>"; };
		C984F3352B6EBE2200578771 /* Basket+CoreDataClass.swift */ = {isa = PBXFileReference; fileEncoding = 4; lastKnownFileType = sourcecode.swift; path = "Basket+CoreDataClass.swift"; sourceTree = "<group>"; };
		C98942192B65865700166DEF /* ProductsEntity+CoreDataClass.swift */ = {isa = PBXFileReference; fileEncoding = 4; lastKnownFileType = sourcecode.swift; path = "ProductsEntity+CoreDataClass.swift"; sourceTree = "<group>"; };
		C989421A2B65865700166DEF /* ProductsEntity+CoreDataProperties.swift */ = {isa = PBXFileReference; fileEncoding = 4; lastKnownFileType = sourcecode.swift; path = "ProductsEntity+CoreDataProperties.swift"; sourceTree = "<group>"; };
		C98C7F392B8260C900A52F32 /* BasketCell.swift */ = {isa = PBXFileReference; lastKnownFileType = sourcecode.swift; path = BasketCell.swift; sourceTree = "<group>"; };
		C98F997F2A9E78A300ADDE12 /* viper-example.app */ = {isa = PBXFileReference; explicitFileType = wrapper.application; includeInIndex = 0; path = "viper-example.app"; sourceTree = BUILT_PRODUCTS_DIR; };
		C98F99822A9E78A300ADDE12 /* AppDelegate.swift */ = {isa = PBXFileReference; lastKnownFileType = sourcecode.swift; path = AppDelegate.swift; sourceTree = "<group>"; };
		C98F99842A9E78A300ADDE12 /* SceneDelegate.swift */ = {isa = PBXFileReference; lastKnownFileType = sourcecode.swift; path = SceneDelegate.swift; sourceTree = "<group>"; };
		C98F99862A9E78A300ADDE12 /* OnBoardingView.swift */ = {isa = PBXFileReference; lastKnownFileType = sourcecode.swift; path = OnBoardingView.swift; sourceTree = "<group>"; };
		C98F99892A9E78A300ADDE12 /* Base */ = {isa = PBXFileReference; lastKnownFileType = file.storyboard; name = Base; path = Base.lproj/Main.storyboard; sourceTree = "<group>"; };
		C98F998C2A9E78A300ADDE12 /* viper_example.xcdatamodel */ = {isa = PBXFileReference; lastKnownFileType = wrapper.xcdatamodel; path = viper_example.xcdatamodel; sourceTree = "<group>"; };
		C98F998E2A9E78A400ADDE12 /* Assets.xcassets */ = {isa = PBXFileReference; lastKnownFileType = folder.assetcatalog; path = Assets.xcassets; sourceTree = "<group>"; };
		C98F99912A9E78A400ADDE12 /* Base */ = {isa = PBXFileReference; lastKnownFileType = file.storyboard; name = Base; path = Base.lproj/LaunchScreen.storyboard; sourceTree = "<group>"; };
		C98F99932A9E78A400ADDE12 /* Info.plist */ = {isa = PBXFileReference; lastKnownFileType = text.plist.xml; path = Info.plist; sourceTree = "<group>"; };
		C98F99982A9E78A500ADDE12 /* viper-exampleTests.xctest */ = {isa = PBXFileReference; explicitFileType = wrapper.cfbundle; includeInIndex = 0; path = "viper-exampleTests.xctest"; sourceTree = BUILT_PRODUCTS_DIR; };
		C98F999C2A9E78A500ADDE12 /* viper_exampleTests.swift */ = {isa = PBXFileReference; lastKnownFileType = sourcecode.swift; path = viper_exampleTests.swift; sourceTree = "<group>"; };
		C98F99A22A9E78A500ADDE12 /* viper-exampleUITests.xctest */ = {isa = PBXFileReference; explicitFileType = wrapper.cfbundle; includeInIndex = 0; path = "viper-exampleUITests.xctest"; sourceTree = BUILT_PRODUCTS_DIR; };
		C98F99A62A9E78A500ADDE12 /* viper_exampleUITests.swift */ = {isa = PBXFileReference; lastKnownFileType = sourcecode.swift; path = viper_exampleUITests.swift; sourceTree = "<group>"; };
		C98F99A82A9E78A500ADDE12 /* viper_exampleUITestsLaunchTests.swift */ = {isa = PBXFileReference; lastKnownFileType = sourcecode.swift; path = viper_exampleUITestsLaunchTests.swift; sourceTree = "<group>"; };
		C99773E62ABF282300DBE07F /* GoogleService-Info.plist */ = {isa = PBXFileReference; fileEncoding = 4; lastKnownFileType = text.plist.xml; path = "GoogleService-Info.plist"; sourceTree = "<group>"; };
		C99773E92ABF346100DBE07F /* ErrorManager.swift */ = {isa = PBXFileReference; lastKnownFileType = sourcecode.swift; path = ErrorManager.swift; sourceTree = "<group>"; };
		C9C5F47C2B5D83A90058FEAF /* PersistentController.swift */ = {isa = PBXFileReference; lastKnownFileType = sourcecode.swift; path = PersistentController.swift; sourceTree = "<group>"; };
		C9C5F47E2B5D85460058FEAF /* String.swift */ = {isa = PBXFileReference; lastKnownFileType = sourcecode.swift; path = String.swift; sourceTree = "<group>"; };
		C9CF38742B0DE6460055E7EA /* ProductsCell.swift */ = {isa = PBXFileReference; lastKnownFileType = sourcecode.swift; path = ProductsCell.swift; sourceTree = "<group>"; };
		C9CF38762B0DE8020055E7EA /* ProductsCell.xib */ = {isa = PBXFileReference; lastKnownFileType = file.xib; path = ProductsCell.xib; sourceTree = "<group>"; };
		C9D2FFD82B8A60E5002C17CF /* BasketViewController.xib */ = {isa = PBXFileReference; lastKnownFileType = file.xib; path = BasketViewController.xib; sourceTree = "<group>"; };
		C9D2FFDA2B8A6579002C17CF /* Helpers.swift */ = {isa = PBXFileReference; lastKnownFileType = sourcecode.swift; path = Helpers.swift; sourceTree = "<group>"; };
		C9D2FFDD2B8A6812002C17CF /* SearchViewController.swift */ = {isa = PBXFileReference; lastKnownFileType = sourcecode.swift; path = SearchViewController.swift; sourceTree = "<group>"; };
		C9D2FFDE2B8A6812002C17CF /* SearchViewController.xib */ = {isa = PBXFileReference; lastKnownFileType = file.xib; path = SearchViewController.xib; sourceTree = "<group>"; };
		C9D2FFE12B8A6820002C17CF /* SearchEntity.swift */ = {isa = PBXFileReference; lastKnownFileType = sourcecode.swift; path = SearchEntity.swift; sourceTree = "<group>"; };
		C9D2FFE32B8A683E002C17CF /* SearchRouter.swift */ = {isa = PBXFileReference; lastKnownFileType = sourcecode.swift; path = SearchRouter.swift; sourceTree = "<group>"; };
		C9D2FFE52B8A684F002C17CF /* SearchProtocol.swift */ = {isa = PBXFileReference; lastKnownFileType = sourcecode.swift; path = SearchProtocol.swift; sourceTree = "<group>"; };
		C9D2FFE72B8A6899002C17CF /* SearchPresenter.swift */ = {isa = PBXFileReference; lastKnownFileType = sourcecode.swift; path = SearchPresenter.swift; sourceTree = "<group>"; };
		C9D2FFE92B8A68A6002C17CF /* SearchInteractor.swift */ = {isa = PBXFileReference; lastKnownFileType = sourcecode.swift; path = SearchInteractor.swift; sourceTree = "<group>"; };
		C9D2FFEF2B8AAA58002C17CF /* SearchCategoriesCell.xib */ = {isa = PBXFileReference; lastKnownFileType = file.xib; path = SearchCategoriesCell.xib; sourceTree = "<group>"; };
		C9D2FFF12B8AAC97002C17CF /* SearchCategoriesCell.swift */ = {isa = PBXFileReference; lastKnownFileType = sourcecode.swift; path = SearchCategoriesCell.swift; sourceTree = "<group>"; };
		C9D2FFF42B8AB255002C17CF /* SearchProductsCell.xib */ = {isa = PBXFileReference; lastKnownFileType = file.xib; path = SearchProductsCell.xib; sourceTree = "<group>"; };
		C9D2FFF62B8AB263002C17CF /* SearchProductsCell.swift */ = {isa = PBXFileReference; lastKnownFileType = sourcecode.swift; path = SearchProductsCell.swift; sourceTree = "<group>"; };
		C9F09B382AF81A5F007EFA8D /* Constant.swift */ = {isa = PBXFileReference; lastKnownFileType = sourcecode.swift; path = Constant.swift; sourceTree = "<group>"; };
		C9FD91762B825A76008CE6EB /* BasketCell.xib */ = {isa = PBXFileReference; lastKnownFileType = file.xib; path = BasketCell.xib; sourceTree = "<group>"; };
		CAD160D760138BCABD7685FD /* Pods-viper-example.debug.xcconfig */ = {isa = PBXFileReference; includeInIndex = 1; lastKnownFileType = text.xcconfig; name = "Pods-viper-example.debug.xcconfig"; path = "Target Support Files/Pods-viper-example/Pods-viper-example.debug.xcconfig"; sourceTree = "<group>"; };
		D53A5AFFD9B4D9E5AAFEA576 /* Pods-viper-example-viper-exampleUITests.release.xcconfig */ = {isa = PBXFileReference; includeInIndex = 1; lastKnownFileType = text.xcconfig; name = "Pods-viper-example-viper-exampleUITests.release.xcconfig"; path = "Target Support Files/Pods-viper-example-viper-exampleUITests/Pods-viper-example-viper-exampleUITests.release.xcconfig"; sourceTree = "<group>"; };
		EFE578D1218B66F5AD700ECC /* Pods_viper_example.framework */ = {isa = PBXFileReference; explicitFileType = wrapper.framework; includeInIndex = 0; path = Pods_viper_example.framework; sourceTree = BUILT_PRODUCTS_DIR; };
/* End PBXFileReference section */

/* Begin PBXFrameworksBuildPhase section */
		C98F997C2A9E78A300ADDE12 /* Frameworks */ = {
			isa = PBXFrameworksBuildPhase;
			buildActionMask = 2147483647;
			files = (
				3106B337B7E84ADDE3F8E365 /* Pods_viper_example.framework in Frameworks */,
			);
			runOnlyForDeploymentPostprocessing = 0;
		};
		C98F99952A9E78A500ADDE12 /* Frameworks */ = {
			isa = PBXFrameworksBuildPhase;
			buildActionMask = 2147483647;
			files = (
				674FC492AD3518A0D5173189 /* Pods_viper_exampleTests.framework in Frameworks */,
			);
			runOnlyForDeploymentPostprocessing = 0;
		};
		C98F999F2A9E78A500ADDE12 /* Frameworks */ = {
			isa = PBXFrameworksBuildPhase;
			buildActionMask = 2147483647;
			files = (
				D900BFA7D75A98DDC33C18C1 /* Pods_viper_example_viper_exampleUITests.framework in Frameworks */,
			);
			runOnlyForDeploymentPostprocessing = 0;
		};
/* End PBXFrameworksBuildPhase section */

/* Begin PBXGroup section */
		C8F11424C12F73FC0D37CFE2 /* Frameworks */ = {
			isa = PBXGroup;
			children = (
				EFE578D1218B66F5AD700ECC /* Pods_viper_example.framework */,
				6D4B8C0CA53A6605F0701067 /* Pods_viper_example_viper_exampleUITests.framework */,
				094FC9B9585C3FCF1D5EFAE8 /* Pods_viper_exampleTests.framework */,
			);
			name = Frameworks;
			sourceTree = "<group>";
		};
		C90247C52B66A73F00009B73 /* BasketModule */ = {
			isa = PBXGroup;
			children = (
				C984F3332B6EBDA200578771 /* CoreData */,
				C90247D42B66A7BC00009B73 /* View */,
				C90247C62B66A75A00009B73 /* BasketPresenter.swift */,
				C90247C82B66A76600009B73 /* BasketInteractor.swift */,
				C90247CA2B66A77100009B73 /* BasketRouter.swift */,
				C90247CC2B66A78300009B73 /* BasketProtocol.swift */,
				C90247CE2B66A79400009B73 /* BasketEntity.swift */,
				C90247D02B66A7B800009B73 /* BasketViewController.swift */,
			);
			path = BasketModule;
			sourceTree = "<group>";
		};
		C90247D42B66A7BC00009B73 /* View */ = {
			isa = PBXGroup;
			children = (
				C9D2FFD82B8A60E5002C17CF /* BasketViewController.xib */,
				C9FD91752B825A63008CE6EB /* BasketCell */,
			);
			path = View;
			sourceTree = "<group>";
		};
		C919A20A2AA3896000BCF7F5 /* Extension */ = {
			isa = PBXGroup;
			children = (
				C919A20B2AA3896E00BCF7F5 /* UIScrollView.swift */,
				C9C5F47E2B5D85460058FEAF /* String.swift */,
				C984F32F2B6EB09300578771 /* UIImage.swift */,
				C95BD1D22B85452600DF55F5 /* Int.swift */,
			);
			path = Extension;
			sourceTree = "<group>";
		};
		C919A20D2AA3E16900BCF7F5 /* AuthenticationModule */ = {
			isa = PBXGroup;
			children = (
				C919A2102AA3E20900BCF7F5 /* AuthenticationPresenter.swift */,
				C919A2122AA3E22100BCF7F5 /* AuthenticationInteractor.swift */,
				C919A2142AA3E23500BCF7F5 /* AuthenticationRouter.swift */,
				C919A2162AA3E27000BCF7F5 /* AuthenticationViewController.swift */,
				C919A2182AA4B42400BCF7F5 /* AuthenticationProtocol.swift */,
				C919A21A2AA4C40800BCF7F5 /* AuthenticationEntity.swift */,
			);
			path = AuthenticationModule;
			sourceTree = "<group>";
		};
		C94B047D2AEC43BF00DF2D60 /* ProductsModule */ = {
			isa = PBXGroup;
			children = (
				C9F63D692B6584DB00F3C54E /* CoreData */,
				C94B048C2AEE904100DF2D60 /* View */,
				C94B047E2AEC440A00DF2D60 /* ProductsViewController.swift */,
				C94B04822AEC442A00DF2D60 /* ProductsPresenter.swift */,
				C94B04842AEC443E00DF2D60 /* ProductsInteractor.swift */,
				C94B04862AEC445600DF2D60 /* ProductsRouter.swift */,
				C94B04882AEC446500DF2D60 /* ProductsProtocol.swift */,
				C94B048A2AEC447300DF2D60 /* ProductsEntity.swift */,
			);
			path = ProductsModule;
			sourceTree = "<group>";
		};
		C94B048C2AEE904100DF2D60 /* View */ = {
			isa = PBXGroup;
			children = (
				C9CF38712B0DE6060055E7EA /* ProductsCell */,
				C94B048F2AEE920B00DF2D60 /* CategoriesCell */,
				C94B047F2AEC440A00DF2D60 /* ProductsViewController.xib */,
			);
			path = View;
			sourceTree = "<group>";
		};
		C94B048F2AEE920B00DF2D60 /* CategoriesCell */ = {
			isa = PBXGroup;
			children = (
				C94B04982AEE951600DF2D60 /* CategoriesCollectionViewCell.swift */,
				C94B04992AEE951600DF2D60 /* CategoriesCollectionViewCell.xib */,
			);
			path = CategoriesCell;
			sourceTree = "<group>";
		};
		C96E8C7A2B24CC4E00EFBCEF /* ProductDetailModule */ = {
			isa = PBXGroup;
			children = (
				C96E8C8A2B24CD2900EFBCEF /* View */,
				C96E8C7B2B24CC7200EFBCEF /* ProductDetailPresenter.swift */,
				C96E8C7E2B24CC9000EFBCEF /* ProductDetailInteractor.swift */,
				C96E8C802B24CCB600EFBCEF /* ProductDetailRouter.swift */,
				C96E8C822B24CCC500EFBCEF /* ProductDetailProtocol.swift */,
				C96E8C842B24CCE900EFBCEF /* ProductDetailEntity.swift */,
				C96E8C862B24CD2500EFBCEF /* ProductDetailViewController.swift */,
			);
			path = ProductDetailModule;
			sourceTree = "<group>";
		};
		C96E8C8A2B24CD2900EFBCEF /* View */ = {
			isa = PBXGroup;
			children = (
				C96E8C872B24CD2500EFBCEF /* ProductDetailViewController.xib */,
				C984F32D2B6EAA5300578771 /* CustomQuantityController.swift */,
			);
			path = View;
			sourceTree = "<group>";
		};
		C984F3332B6EBDA200578771 /* CoreData */ = {
			isa = PBXGroup;
			children = (
				C984F3352B6EBE2200578771 /* Basket+CoreDataClass.swift */,
				C984F3342B6EBE2200578771 /* Basket+CoreDataProperties.swift */,
			);
			path = CoreData;
			sourceTree = "<group>";
		};
		C98F99762A9E78A300ADDE12 = {
			isa = PBXGroup;
			children = (
				C98F99812A9E78A300ADDE12 /* viper-example */,
				C98F999B2A9E78A500ADDE12 /* viper-exampleTests */,
				C98F99A52A9E78A500ADDE12 /* viper-exampleUITests */,
				C98F99802A9E78A300ADDE12 /* Products */,
				E3622FC120EA449747BC269E /* Pods */,
				C8F11424C12F73FC0D37CFE2 /* Frameworks */,
			);
			sourceTree = "<group>";
		};
		C98F99802A9E78A300ADDE12 /* Products */ = {
			isa = PBXGroup;
			children = (
				C98F997F2A9E78A300ADDE12 /* viper-example.app */,
				C98F99982A9E78A500ADDE12 /* viper-exampleTests.xctest */,
				C98F99A22A9E78A500ADDE12 /* viper-exampleUITests.xctest */,
			);
			name = Products;
			sourceTree = "<group>";
		};
		C98F99812A9E78A300ADDE12 /* viper-example */ = {
			isa = PBXGroup;
			children = (
				C9D2FFDC2B8A67F8002C17CF /* SearchModule */,
				C90247C52B66A73F00009B73 /* BasketModule */,
				C96E8C7A2B24CC4E00EFBCEF /* ProductDetailModule */,
				C94B047D2AEC43BF00DF2D60 /* ProductsModule */,
				C99773E82ABF344F00DBE07F /* Utils */,
				C919A20D2AA3E16900BCF7F5 /* AuthenticationModule */,
				C919A20A2AA3896000BCF7F5 /* Extension */,
				C98F99B52A9E870C00ADDE12 /* OnBoarding */,
				C98F99822A9E78A300ADDE12 /* AppDelegate.swift */,
				C99773E62ABF282300DBE07F /* GoogleService-Info.plist */,
				C98F99842A9E78A300ADDE12 /* SceneDelegate.swift */,
				C98F99882A9E78A300ADDE12 /* Main.storyboard */,
				C98F998E2A9E78A400ADDE12 /* Assets.xcassets */,
				C98F99902A9E78A400ADDE12 /* LaunchScreen.storyboard */,
				C98F99932A9E78A400ADDE12 /* Info.plist */,
				C98F998B2A9E78A300ADDE12 /* ViperExampleApp.xcdatamodeld */,
			);
			path = "viper-example";
			sourceTree = "<group>";
		};
		C98F999B2A9E78A500ADDE12 /* viper-exampleTests */ = {
			isa = PBXGroup;
			children = (
				C98F999C2A9E78A500ADDE12 /* viper_exampleTests.swift */,
			);
			path = "viper-exampleTests";
			sourceTree = "<group>";
		};
		C98F99A52A9E78A500ADDE12 /* viper-exampleUITests */ = {
			isa = PBXGroup;
			children = (
				C98F99A62A9E78A500ADDE12 /* viper_exampleUITests.swift */,
				C98F99A82A9E78A500ADDE12 /* viper_exampleUITestsLaunchTests.swift */,
			);
			path = "viper-exampleUITests";
			sourceTree = "<group>";
		};
		C98F99B52A9E870C00ADDE12 /* OnBoarding */ = {
			isa = PBXGroup;
			children = (
				C98F99862A9E78A300ADDE12 /* OnBoardingView.swift */,
			);
			path = OnBoarding;
			sourceTree = "<group>";
		};
		C99773E82ABF344F00DBE07F /* Utils */ = {
			isa = PBXGroup;
			children = (
				C99773E92ABF346100DBE07F /* ErrorManager.swift */,
				C9F09B382AF81A5F007EFA8D /* Constant.swift */,
				C9594B6E2B01409800624E79 /* NetworkManager.swift */,
				C9594B702B01415900624E79 /* JSONManager.swift */,
				C973C1DD2B0F723B0060B6CE /* Extension.swift */,
				C96E8C8B2B260B1300EFBCEF /* BottomBarTemp.swift */,
				C9C5F47C2B5D83A90058FEAF /* PersistentController.swift */,
				C984F3312B6EBB0000578771 /* CoreDataObservable.swift */,
				C9D2FFDA2B8A6579002C17CF /* Helpers.swift */,
			);
			path = Utils;
			sourceTree = "<group>";
		};
		C9CF38712B0DE6060055E7EA /* ProductsCell */ = {
			isa = PBXGroup;
			children = (
				C9CF38742B0DE6460055E7EA /* ProductsCell.swift */,
				C9CF38762B0DE8020055E7EA /* ProductsCell.xib */,
			);
			path = ProductsCell;
			sourceTree = "<group>";
		};
		C9D2FFDC2B8A67F8002C17CF /* SearchModule */ = {
			isa = PBXGroup;
			children = (
				C9D2FFEB2B8A68B3002C17CF /* View */,
				C9D2FFDD2B8A6812002C17CF /* SearchViewController.swift */,
				C9D2FFE12B8A6820002C17CF /* SearchEntity.swift */,
				C9D2FFE32B8A683E002C17CF /* SearchRouter.swift */,
				C9D2FFE52B8A684F002C17CF /* SearchProtocol.swift */,
				C9D2FFE72B8A6899002C17CF /* SearchPresenter.swift */,
				C9D2FFE92B8A68A6002C17CF /* SearchInteractor.swift */,
			);
			path = SearchModule;
			sourceTree = "<group>";
		};
		C9D2FFEB2B8A68B3002C17CF /* View */ = {
			isa = PBXGroup;
			children = (
				C9D2FFF32B8AB22E002C17CF /* SearchProductsCell */,
				C9D2FFEC2B8AA9BC002C17CF /* SearchCategoriesCell */,
				C9D2FFDE2B8A6812002C17CF /* SearchViewController.xib */,
			);
			path = View;
			sourceTree = "<group>";
		};
		C9D2FFEC2B8AA9BC002C17CF /* SearchCategoriesCell */ = {
			isa = PBXGroup;
			children = (
				C9D2FFEF2B8AAA58002C17CF /* SearchCategoriesCell.xib */,
				C9D2FFF12B8AAC97002C17CF /* SearchCategoriesCell.swift */,
			);
			path = SearchCategoriesCell;
			sourceTree = "<group>";
		};
		C9D2FFF32B8AB22E002C17CF /* SearchProductsCell */ = {
			isa = PBXGroup;
			children = (
				C9D2FFF42B8AB255002C17CF /* SearchProductsCell.xib */,
				C9D2FFF62B8AB263002C17CF /* SearchProductsCell.swift */,
			);
			path = SearchProductsCell;
			sourceTree = "<group>";
		};
		C9F63D692B6584DB00F3C54E /* CoreData */ = {
			isa = PBXGroup;
			children = (
				C98942192B65865700166DEF /* ProductsEntity+CoreDataClass.swift */,
				C989421A2B65865700166DEF /* ProductsEntity+CoreDataProperties.swift */,
			);
			path = CoreData;
			sourceTree = "<group>";
		};
		C9FD91752B825A63008CE6EB /* BasketCell */ = {
			isa = PBXGroup;
			children = (
				C9FD91762B825A76008CE6EB /* BasketCell.xib */,
				C98C7F392B8260C900A52F32 /* BasketCell.swift */,
			);
			path = BasketCell;
			sourceTree = "<group>";
		};
		E3622FC120EA449747BC269E /* Pods */ = {
			isa = PBXGroup;
			children = (
				CAD160D760138BCABD7685FD /* Pods-viper-example.debug.xcconfig */,
				7C4DCC148B45DF0A51E74638 /* Pods-viper-example.release.xcconfig */,
				48F7650E74F26FA5FB34CBD1 /* Pods-viper-example-viper-exampleUITests.debug.xcconfig */,
				D53A5AFFD9B4D9E5AAFEA576 /* Pods-viper-example-viper-exampleUITests.release.xcconfig */,
				19F3A5CADECED040600CF4E4 /* Pods-viper-exampleTests.debug.xcconfig */,
				74C07C6A3F9E8F9A4757BD57 /* Pods-viper-exampleTests.release.xcconfig */,
			);
			path = Pods;
			sourceTree = "<group>";
		};
/* End PBXGroup section */

/* Begin PBXNativeTarget section */
		C98F997E2A9E78A300ADDE12 /* viper-example */ = {
			isa = PBXNativeTarget;
			buildConfigurationList = C98F99AC2A9E78A500ADDE12 /* Build configuration list for PBXNativeTarget "viper-example" */;
			buildPhases = (
				D2DE11CC8A58C8BA507E2184 /* [CP] Check Pods Manifest.lock */,
				C98F997B2A9E78A300ADDE12 /* Sources */,
				C98F997C2A9E78A300ADDE12 /* Frameworks */,
				C98F997D2A9E78A300ADDE12 /* Resources */,
				B5FB0008791ABACA70FF2308 /* [CP] Embed Pods Frameworks */,
			);
			buildRules = (
			);
			dependencies = (
			);
			name = "viper-example";
			productName = "viper-example";
			productReference = C98F997F2A9E78A300ADDE12 /* viper-example.app */;
			productType = "com.apple.product-type.application";
		};
		C98F99972A9E78A500ADDE12 /* viper-exampleTests */ = {
			isa = PBXNativeTarget;
			buildConfigurationList = C98F99AF2A9E78A500ADDE12 /* Build configuration list for PBXNativeTarget "viper-exampleTests" */;
			buildPhases = (
				492DD38CCAF85C4636FD5C45 /* [CP] Check Pods Manifest.lock */,
				C98F99942A9E78A500ADDE12 /* Sources */,
				C98F99952A9E78A500ADDE12 /* Frameworks */,
				C98F99962A9E78A500ADDE12 /* Resources */,
			);
			buildRules = (
			);
			dependencies = (
				C98F999A2A9E78A500ADDE12 /* PBXTargetDependency */,
			);
			name = "viper-exampleTests";
			productName = "viper-exampleTests";
			productReference = C98F99982A9E78A500ADDE12 /* viper-exampleTests.xctest */;
			productType = "com.apple.product-type.bundle.unit-test";
		};
		C98F99A12A9E78A500ADDE12 /* viper-exampleUITests */ = {
			isa = PBXNativeTarget;
			buildConfigurationList = C98F99B22A9E78A500ADDE12 /* Build configuration list for PBXNativeTarget "viper-exampleUITests" */;
			buildPhases = (
				C1466C5B4423E51E07874D43 /* [CP] Check Pods Manifest.lock */,
				C98F999E2A9E78A500ADDE12 /* Sources */,
				C98F999F2A9E78A500ADDE12 /* Frameworks */,
				C98F99A02A9E78A500ADDE12 /* Resources */,
				EDB3D9EF9577D1136AFC16B2 /* [CP] Embed Pods Frameworks */,
			);
			buildRules = (
			);
			dependencies = (
				C98F99A42A9E78A500ADDE12 /* PBXTargetDependency */,
			);
			name = "viper-exampleUITests";
			productName = "viper-exampleUITests";
			productReference = C98F99A22A9E78A500ADDE12 /* viper-exampleUITests.xctest */;
			productType = "com.apple.product-type.bundle.ui-testing";
		};
/* End PBXNativeTarget section */

/* Begin PBXProject section */
		C98F99772A9E78A300ADDE12 /* Project object */ = {
			isa = PBXProject;
			attributes = {
				BuildIndependentTargetsInParallel = 1;
				LastSwiftUpdateCheck = 1430;
				LastUpgradeCheck = 1430;
				TargetAttributes = {
					C98F997E2A9E78A300ADDE12 = {
						CreatedOnToolsVersion = 14.3.1;
					};
					C98F99972A9E78A500ADDE12 = {
						CreatedOnToolsVersion = 14.3.1;
						TestTargetID = C98F997E2A9E78A300ADDE12;
					};
					C98F99A12A9E78A500ADDE12 = {
						CreatedOnToolsVersion = 14.3.1;
						TestTargetID = C98F997E2A9E78A300ADDE12;
					};
				};
			};
			buildConfigurationList = C98F997A2A9E78A300ADDE12 /* Build configuration list for PBXProject "viper-example" */;
			compatibilityVersion = "Xcode 14.0";
			developmentRegion = en;
			hasScannedForEncodings = 0;
			knownRegions = (
				en,
				Base,
			);
			mainGroup = C98F99762A9E78A300ADDE12;
			productRefGroup = C98F99802A9E78A300ADDE12 /* Products */;
			projectDirPath = "";
			projectRoot = "";
			targets = (
				C98F997E2A9E78A300ADDE12 /* viper-example */,
				C98F99972A9E78A500ADDE12 /* viper-exampleTests */,
				C98F99A12A9E78A500ADDE12 /* viper-exampleUITests */,
			);
		};
/* End PBXProject section */

/* Begin PBXResourcesBuildPhase section */
		C98F997D2A9E78A300ADDE12 /* Resources */ = {
			isa = PBXResourcesBuildPhase;
			buildActionMask = 2147483647;
			files = (
				C9D2FFD92B8A618F002C17CF /* BasketViewController.xib in Resources */,
				C9D2FFF52B8AB255002C17CF /* SearchProductsCell.xib in Resources */,
				C98F99922A9E78A400ADDE12 /* LaunchScreen.storyboard in Resources */,
				C99773E72ABF282300DBE07F /* GoogleService-Info.plist in Resources */,
				C98F998F2A9E78A400ADDE12 /* Assets.xcassets in Resources */,
				C96E8C892B24CD2500EFBCEF /* ProductDetailViewController.xib in Resources */,
				C9D2FFF02B8AAA58002C17CF /* SearchCategoriesCell.xib in Resources */,
				C98F998A2A9E78A300ADDE12 /* Main.storyboard in Resources */,
				C9FD91772B825A76008CE6EB /* BasketCell.xib in Resources */,
				C9D2FFE02B8A6812002C17CF /* SearchViewController.xib in Resources */,
				C94B049B2AEE951600DF2D60 /* CategoriesCollectionViewCell.xib in Resources */,
				C9CF38772B0DE8020055E7EA /* ProductsCell.xib in Resources */,
				C94B04812AEC440A00DF2D60 /* ProductsViewController.xib in Resources */,
			);
			runOnlyForDeploymentPostprocessing = 0;
		};
		C98F99962A9E78A500ADDE12 /* Resources */ = {
			isa = PBXResourcesBuildPhase;
			buildActionMask = 2147483647;
			files = (
			);
			runOnlyForDeploymentPostprocessing = 0;
		};
		C98F99A02A9E78A500ADDE12 /* Resources */ = {
			isa = PBXResourcesBuildPhase;
			buildActionMask = 2147483647;
			files = (
			);
			runOnlyForDeploymentPostprocessing = 0;
		};
/* End PBXResourcesBuildPhase section */

/* Begin PBXShellScriptBuildPhase section */
		492DD38CCAF85C4636FD5C45 /* [CP] Check Pods Manifest.lock */ = {
			isa = PBXShellScriptBuildPhase;
			buildActionMask = 2147483647;
			files = (
			);
			inputFileListPaths = (
			);
			inputPaths = (
				"${PODS_PODFILE_DIR_PATH}/Podfile.lock",
				"${PODS_ROOT}/Manifest.lock",
			);
			name = "[CP] Check Pods Manifest.lock";
			outputFileListPaths = (
			);
			outputPaths = (
				"$(DERIVED_FILE_DIR)/Pods-viper-exampleTests-checkManifestLockResult.txt",
			);
			runOnlyForDeploymentPostprocessing = 0;
			shellPath = /bin/sh;
			shellScript = "diff \"${PODS_PODFILE_DIR_PATH}/Podfile.lock\" \"${PODS_ROOT}/Manifest.lock\" > /dev/null\nif [ $? != 0 ] ; then\n    # print error to STDERR\n    echo \"error: The sandbox is not in sync with the Podfile.lock. Run 'pod install' or update your CocoaPods installation.\" >&2\n    exit 1\nfi\n# This output is used by Xcode 'outputs' to avoid re-running this script phase.\necho \"SUCCESS\" > \"${SCRIPT_OUTPUT_FILE_0}\"\n";
			showEnvVarsInLog = 0;
		};
		B5FB0008791ABACA70FF2308 /* [CP] Embed Pods Frameworks */ = {
			isa = PBXShellScriptBuildPhase;
			buildActionMask = 2147483647;
			files = (
			);
			inputFileListPaths = (
				"${PODS_ROOT}/Target Support Files/Pods-viper-example/Pods-viper-example-frameworks-${CONFIGURATION}-input-files.xcfilelist",
			);
			name = "[CP] Embed Pods Frameworks";
			outputFileListPaths = (
				"${PODS_ROOT}/Target Support Files/Pods-viper-example/Pods-viper-example-frameworks-${CONFIGURATION}-output-files.xcfilelist",
			);
			runOnlyForDeploymentPostprocessing = 0;
			shellPath = /bin/sh;
			shellScript = "\"${PODS_ROOT}/Target Support Files/Pods-viper-example/Pods-viper-example-frameworks.sh\"\n";
			showEnvVarsInLog = 0;
		};
		C1466C5B4423E51E07874D43 /* [CP] Check Pods Manifest.lock */ = {
			isa = PBXShellScriptBuildPhase;
			buildActionMask = 2147483647;
			files = (
			);
			inputFileListPaths = (
			);
			inputPaths = (
				"${PODS_PODFILE_DIR_PATH}/Podfile.lock",
				"${PODS_ROOT}/Manifest.lock",
			);
			name = "[CP] Check Pods Manifest.lock";
			outputFileListPaths = (
			);
			outputPaths = (
				"$(DERIVED_FILE_DIR)/Pods-viper-example-viper-exampleUITests-checkManifestLockResult.txt",
			);
			runOnlyForDeploymentPostprocessing = 0;
			shellPath = /bin/sh;
			shellScript = "diff \"${PODS_PODFILE_DIR_PATH}/Podfile.lock\" \"${PODS_ROOT}/Manifest.lock\" > /dev/null\nif [ $? != 0 ] ; then\n    # print error to STDERR\n    echo \"error: The sandbox is not in sync with the Podfile.lock. Run 'pod install' or update your CocoaPods installation.\" >&2\n    exit 1\nfi\n# This output is used by Xcode 'outputs' to avoid re-running this script phase.\necho \"SUCCESS\" > \"${SCRIPT_OUTPUT_FILE_0}\"\n";
			showEnvVarsInLog = 0;
		};
		D2DE11CC8A58C8BA507E2184 /* [CP] Check Pods Manifest.lock */ = {
			isa = PBXShellScriptBuildPhase;
			buildActionMask = 2147483647;
			files = (
			);
			inputFileListPaths = (
			);
			inputPaths = (
				"${PODS_PODFILE_DIR_PATH}/Podfile.lock",
				"${PODS_ROOT}/Manifest.lock",
			);
			name = "[CP] Check Pods Manifest.lock";
			outputFileListPaths = (
			);
			outputPaths = (
				"$(DERIVED_FILE_DIR)/Pods-viper-example-checkManifestLockResult.txt",
			);
			runOnlyForDeploymentPostprocessing = 0;
			shellPath = /bin/sh;
			shellScript = "diff \"${PODS_PODFILE_DIR_PATH}/Podfile.lock\" \"${PODS_ROOT}/Manifest.lock\" > /dev/null\nif [ $? != 0 ] ; then\n    # print error to STDERR\n    echo \"error: The sandbox is not in sync with the Podfile.lock. Run 'pod install' or update your CocoaPods installation.\" >&2\n    exit 1\nfi\n# This output is used by Xcode 'outputs' to avoid re-running this script phase.\necho \"SUCCESS\" > \"${SCRIPT_OUTPUT_FILE_0}\"\n";
			showEnvVarsInLog = 0;
		};
		EDB3D9EF9577D1136AFC16B2 /* [CP] Embed Pods Frameworks */ = {
			isa = PBXShellScriptBuildPhase;
			buildActionMask = 2147483647;
			files = (
			);
			inputFileListPaths = (
				"${PODS_ROOT}/Target Support Files/Pods-viper-example-viper-exampleUITests/Pods-viper-example-viper-exampleUITests-frameworks-${CONFIGURATION}-input-files.xcfilelist",
			);
			name = "[CP] Embed Pods Frameworks";
			outputFileListPaths = (
				"${PODS_ROOT}/Target Support Files/Pods-viper-example-viper-exampleUITests/Pods-viper-example-viper-exampleUITests-frameworks-${CONFIGURATION}-output-files.xcfilelist",
			);
			runOnlyForDeploymentPostprocessing = 0;
			shellPath = /bin/sh;
			shellScript = "\"${PODS_ROOT}/Target Support Files/Pods-viper-example-viper-exampleUITests/Pods-viper-example-viper-exampleUITests-frameworks.sh\"\n";
			showEnvVarsInLog = 0;
		};
/* End PBXShellScriptBuildPhase section */

/* Begin PBXSourcesBuildPhase section */
		C98F997B2A9E78A300ADDE12 /* Sources */ = {
			isa = PBXSourcesBuildPhase;
			buildActionMask = 2147483647;
			files = (
				C919A20C2AA3896E00BCF7F5 /* UIScrollView.swift in Sources */,
				C9594B712B01415900624E79 /* JSONManager.swift in Sources */,
				C90247C72B66A75A00009B73 /* BasketPresenter.swift in Sources */,
				C90247CD2B66A78300009B73 /* BasketProtocol.swift in Sources */,
				C9CF38752B0DE6460055E7EA /* ProductsCell.swift in Sources */,
				C919A2192AA4B42400BCF7F5 /* AuthenticationProtocol.swift in Sources */,
				C94B04832AEC442A00DF2D60 /* ProductsPresenter.swift in Sources */,
				C9D2FFE22B8A6820002C17CF /* SearchEntity.swift in Sources */,
				C96E8C7F2B24CC9000EFBCEF /* ProductDetailInteractor.swift in Sources */,
				C9594B6F2B01409800624E79 /* NetworkManager.swift in Sources */,
				C96E8C8C2B260B1300EFBCEF /* BottomBarTemp.swift in Sources */,
				C98F99872A9E78A300ADDE12 /* OnBoardingView.swift in Sources */,
				C9D2FFE42B8A683E002C17CF /* SearchRouter.swift in Sources */,
				C94B04872AEC445600DF2D60 /* ProductsRouter.swift in Sources */,
				C94B04802AEC440A00DF2D60 /* ProductsViewController.swift in Sources */,
				C989421C2B65865700166DEF /* ProductsEntity+CoreDataProperties.swift in Sources */,
				C96E8C852B24CCE900EFBCEF /* ProductDetailEntity.swift in Sources */,
				C95BD1D32B85452600DF55F5 /* Int.swift in Sources */,
				C984F3322B6EBB0000578771 /* CoreDataObservable.swift in Sources */,
				C9C5F47F2B5D85460058FEAF /* String.swift in Sources */,
				C9D2FFE82B8A6899002C17CF /* SearchPresenter.swift in Sources */,
				C984F3362B6EBE2200578771 /* Basket+CoreDataProperties.swift in Sources */,
				C98F99832A9E78A300ADDE12 /* AppDelegate.swift in Sources */,
				C96E8C812B24CCB600EFBCEF /* ProductDetailRouter.swift in Sources */,
				C9F09B392AF81A5F007EFA8D /* Constant.swift in Sources */,
				C94B04892AEC446500DF2D60 /* ProductsProtocol.swift in Sources */,
				C90247CF2B66A79400009B73 /* BasketEntity.swift in Sources */,
				C94B04852AEC443E00DF2D60 /* ProductsInteractor.swift in Sources */,
				C98F99852A9E78A300ADDE12 /* SceneDelegate.swift in Sources */,
				C9D2FFF22B8AAC97002C17CF /* SearchCategoriesCell.swift in Sources */,
				C9D2FFEA2B8A68A6002C17CF /* SearchInteractor.swift in Sources */,
				C96E8C882B24CD2500EFBCEF /* ProductDetailViewController.swift in Sources */,
				C989421B2B65865700166DEF /* ProductsEntity+CoreDataClass.swift in Sources */,
				C90247D22B66A7B800009B73 /* BasketViewController.swift in Sources */,
				C9D2FFDB2B8A6579002C17CF /* Helpers.swift in Sources */,
				C919A2172AA3E27000BCF7F5 /* AuthenticationViewController.swift in Sources */,
				C973C1DE2B0F723B0060B6CE /* Extension.swift in Sources */,
				C9C5F47D2B5D83A90058FEAF /* PersistentController.swift in Sources */,
				C99773EA2ABF346100DBE07F /* ErrorManager.swift in Sources */,
				C919A2132AA3E22100BCF7F5 /* AuthenticationInteractor.swift in Sources */,
				C9D2FFE62B8A684F002C17CF /* SearchProtocol.swift in Sources */,
				C96E8C832B24CCC500EFBCEF /* ProductDetailProtocol.swift in Sources */,
				C94B049A2AEE951600DF2D60 /* CategoriesCollectionViewCell.swift in Sources */,
				C984F3302B6EB09300578771 /* UIImage.swift in Sources */,
				C96E8C7C2B24CC7200EFBCEF /* ProductDetailPresenter.swift in Sources */,
				C919A2152AA3E23500BCF7F5 /* AuthenticationRouter.swift in Sources */,
				C9D2FFDF2B8A6812002C17CF /* SearchViewController.swift in Sources */,
				C90247CB2B66A77100009B73 /* BasketRouter.swift in Sources */,
				C919A2112AA3E20900BCF7F5 /* AuthenticationPresenter.swift in Sources */,
				C984F32E2B6EAA5300578771 /* CustomQuantityController.swift in Sources */,
				C90247C92B66A76600009B73 /* BasketInteractor.swift in Sources */,
				C919A21B2AA4C40800BCF7F5 /* AuthenticationEntity.swift in Sources */,
				C98C7F3A2B8260C900A52F32 /* BasketCell.swift in Sources */,
				C94B048B2AEC447300DF2D60 /* ProductsEntity.swift in Sources */,
				C98F998D2A9E78A300ADDE12 /* ViperExampleApp.xcdatamodeld in Sources */,
				C9D2FFF72B8AB263002C17CF /* SearchProductsCell.swift in Sources */,
				C984F3372B6EBE2200578771 /* Basket+CoreDataClass.swift in Sources */,
			);
			runOnlyForDeploymentPostprocessing = 0;
		};
		C98F99942A9E78A500ADDE12 /* Sources */ = {
			isa = PBXSourcesBuildPhase;
			buildActionMask = 2147483647;
			files = (
				C98F999D2A9E78A500ADDE12 /* viper_exampleTests.swift in Sources */,
			);
			runOnlyForDeploymentPostprocessing = 0;
		};
		C98F999E2A9E78A500ADDE12 /* Sources */ = {
			isa = PBXSourcesBuildPhase;
			buildActionMask = 2147483647;
			files = (
				C98F99A92A9E78A500ADDE12 /* viper_exampleUITestsLaunchTests.swift in Sources */,
				C98F99A72A9E78A500ADDE12 /* viper_exampleUITests.swift in Sources */,
			);
			runOnlyForDeploymentPostprocessing = 0;
		};
/* End PBXSourcesBuildPhase section */

/* Begin PBXTargetDependency section */
		C98F999A2A9E78A500ADDE12 /* PBXTargetDependency */ = {
			isa = PBXTargetDependency;
			target = C98F997E2A9E78A300ADDE12 /* viper-example */;
			targetProxy = C98F99992A9E78A500ADDE12 /* PBXContainerItemProxy */;
		};
		C98F99A42A9E78A500ADDE12 /* PBXTargetDependency */ = {
			isa = PBXTargetDependency;
			target = C98F997E2A9E78A300ADDE12 /* viper-example */;
			targetProxy = C98F99A32A9E78A500ADDE12 /* PBXContainerItemProxy */;
		};
/* End PBXTargetDependency section */

/* Begin PBXVariantGroup section */
		C98F99882A9E78A300ADDE12 /* Main.storyboard */ = {
			isa = PBXVariantGroup;
			children = (
				C98F99892A9E78A300ADDE12 /* Base */,
			);
			name = Main.storyboard;
			sourceTree = "<group>";
		};
		C98F99902A9E78A400ADDE12 /* LaunchScreen.storyboard */ = {
			isa = PBXVariantGroup;
			children = (
				C98F99912A9E78A400ADDE12 /* Base */,
			);
			name = LaunchScreen.storyboard;
			sourceTree = "<group>";
		};
/* End PBXVariantGroup section */

/* Begin XCBuildConfiguration section */
		C98F99AA2A9E78A500ADDE12 /* Debug */ = {
			isa = XCBuildConfiguration;
			buildSettings = {
				ALWAYS_SEARCH_USER_PATHS = NO;
				CLANG_ANALYZER_NONNULL = YES;
				CLANG_ANALYZER_NUMBER_OBJECT_CONVERSION = YES_AGGRESSIVE;
				CLANG_CXX_LANGUAGE_STANDARD = "gnu++20";
				CLANG_ENABLE_MODULES = YES;
				CLANG_ENABLE_OBJC_ARC = YES;
				CLANG_ENABLE_OBJC_WEAK = YES;
				CLANG_WARN_BLOCK_CAPTURE_AUTORELEASING = YES;
				CLANG_WARN_BOOL_CONVERSION = YES;
				CLANG_WARN_COMMA = YES;
				CLANG_WARN_CONSTANT_CONVERSION = YES;
				CLANG_WARN_DEPRECATED_OBJC_IMPLEMENTATIONS = YES;
				CLANG_WARN_DIRECT_OBJC_ISA_USAGE = YES_ERROR;
				CLANG_WARN_DOCUMENTATION_COMMENTS = YES;
				CLANG_WARN_EMPTY_BODY = YES;
				CLANG_WARN_ENUM_CONVERSION = YES;
				CLANG_WARN_INFINITE_RECURSION = YES;
				CLANG_WARN_INT_CONVERSION = YES;
				CLANG_WARN_NON_LITERAL_NULL_CONVERSION = YES;
				CLANG_WARN_OBJC_IMPLICIT_RETAIN_SELF = YES;
				CLANG_WARN_OBJC_LITERAL_CONVERSION = YES;
				CLANG_WARN_OBJC_ROOT_CLASS = YES_ERROR;
				CLANG_WARN_QUOTED_INCLUDE_IN_FRAMEWORK_HEADER = YES;
				CLANG_WARN_RANGE_LOOP_ANALYSIS = YES;
				CLANG_WARN_STRICT_PROTOTYPES = YES;
				CLANG_WARN_SUSPICIOUS_MOVE = YES;
				CLANG_WARN_UNGUARDED_AVAILABILITY = YES_AGGRESSIVE;
				CLANG_WARN_UNREACHABLE_CODE = YES;
				CLANG_WARN__DUPLICATE_METHOD_MATCH = YES;
				COPY_PHASE_STRIP = NO;
				DEBUG_INFORMATION_FORMAT = dwarf;
				ENABLE_STRICT_OBJC_MSGSEND = YES;
				ENABLE_TESTABILITY = YES;
				GCC_C_LANGUAGE_STANDARD = gnu11;
				GCC_DYNAMIC_NO_PIC = NO;
				GCC_NO_COMMON_BLOCKS = YES;
				GCC_OPTIMIZATION_LEVEL = 0;
				GCC_PREPROCESSOR_DEFINITIONS = (
					"DEBUG=1",
					"$(inherited)",
				);
				GCC_WARN_64_TO_32_BIT_CONVERSION = YES;
				GCC_WARN_ABOUT_RETURN_TYPE = YES_ERROR;
				GCC_WARN_UNDECLARED_SELECTOR = YES;
				GCC_WARN_UNINITIALIZED_AUTOS = YES_AGGRESSIVE;
				GCC_WARN_UNUSED_FUNCTION = YES;
				GCC_WARN_UNUSED_VARIABLE = YES;
				IPHONEOS_DEPLOYMENT_TARGET = 16.4;
				MTL_ENABLE_DEBUG_INFO = INCLUDE_SOURCE;
				MTL_FAST_MATH = YES;
				ONLY_ACTIVE_ARCH = YES;
				SDKROOT = iphoneos;
				SWIFT_ACTIVE_COMPILATION_CONDITIONS = DEBUG;
				SWIFT_OPTIMIZATION_LEVEL = "-Onone";
			};
			name = Debug;
		};
		C98F99AB2A9E78A500ADDE12 /* Release */ = {
			isa = XCBuildConfiguration;
			buildSettings = {
				ALWAYS_SEARCH_USER_PATHS = NO;
				CLANG_ANALYZER_NONNULL = YES;
				CLANG_ANALYZER_NUMBER_OBJECT_CONVERSION = YES_AGGRESSIVE;
				CLANG_CXX_LANGUAGE_STANDARD = "gnu++20";
				CLANG_ENABLE_MODULES = YES;
				CLANG_ENABLE_OBJC_ARC = YES;
				CLANG_ENABLE_OBJC_WEAK = YES;
				CLANG_WARN_BLOCK_CAPTURE_AUTORELEASING = YES;
				CLANG_WARN_BOOL_CONVERSION = YES;
				CLANG_WARN_COMMA = YES;
				CLANG_WARN_CONSTANT_CONVERSION = YES;
				CLANG_WARN_DEPRECATED_OBJC_IMPLEMENTATIONS = YES;
				CLANG_WARN_DIRECT_OBJC_ISA_USAGE = YES_ERROR;
				CLANG_WARN_DOCUMENTATION_COMMENTS = YES;
				CLANG_WARN_EMPTY_BODY = YES;
				CLANG_WARN_ENUM_CONVERSION = YES;
				CLANG_WARN_INFINITE_RECURSION = YES;
				CLANG_WARN_INT_CONVERSION = YES;
				CLANG_WARN_NON_LITERAL_NULL_CONVERSION = YES;
				CLANG_WARN_OBJC_IMPLICIT_RETAIN_SELF = YES;
				CLANG_WARN_OBJC_LITERAL_CONVERSION = YES;
				CLANG_WARN_OBJC_ROOT_CLASS = YES_ERROR;
				CLANG_WARN_QUOTED_INCLUDE_IN_FRAMEWORK_HEADER = YES;
				CLANG_WARN_RANGE_LOOP_ANALYSIS = YES;
				CLANG_WARN_STRICT_PROTOTYPES = YES;
				CLANG_WARN_SUSPICIOUS_MOVE = YES;
				CLANG_WARN_UNGUARDED_AVAILABILITY = YES_AGGRESSIVE;
				CLANG_WARN_UNREACHABLE_CODE = YES;
				CLANG_WARN__DUPLICATE_METHOD_MATCH = YES;
				COPY_PHASE_STRIP = NO;
				DEBUG_INFORMATION_FORMAT = "dwarf-with-dsym";
				ENABLE_NS_ASSERTIONS = NO;
				ENABLE_STRICT_OBJC_MSGSEND = YES;
				GCC_C_LANGUAGE_STANDARD = gnu11;
				GCC_NO_COMMON_BLOCKS = YES;
				GCC_WARN_64_TO_32_BIT_CONVERSION = YES;
				GCC_WARN_ABOUT_RETURN_TYPE = YES_ERROR;
				GCC_WARN_UNDECLARED_SELECTOR = YES;
				GCC_WARN_UNINITIALIZED_AUTOS = YES_AGGRESSIVE;
				GCC_WARN_UNUSED_FUNCTION = YES;
				GCC_WARN_UNUSED_VARIABLE = YES;
				IPHONEOS_DEPLOYMENT_TARGET = 16.4;
				MTL_ENABLE_DEBUG_INFO = NO;
				MTL_FAST_MATH = YES;
				SDKROOT = iphoneos;
				SWIFT_COMPILATION_MODE = wholemodule;
				SWIFT_OPTIMIZATION_LEVEL = "-O";
				VALIDATE_PRODUCT = YES;
			};
			name = Release;
		};
		C98F99AD2A9E78A500ADDE12 /* Debug */ = {
			isa = XCBuildConfiguration;
			baseConfigurationReference = CAD160D760138BCABD7685FD /* Pods-viper-example.debug.xcconfig */;
			buildSettings = {
				ASSETCATALOG_COMPILER_APPICON_NAME = AppIcon;
				ASSETCATALOG_COMPILER_GLOBAL_ACCENT_COLOR_NAME = AccentColor;
				CODE_SIGN_STYLE = Automatic;
				CURRENT_PROJECT_VERSION = 1;
				GENERATE_INFOPLIST_FILE = YES;
				INFOPLIST_FILE = "viper-example/Info.plist";
				INFOPLIST_KEY_UIApplicationSupportsIndirectInputEvents = YES;
				INFOPLIST_KEY_UILaunchStoryboardName = LaunchScreen;
				INFOPLIST_KEY_UIMainStoryboardFile = Main;
				INFOPLIST_KEY_UISupportedInterfaceOrientations_iPad = "UIInterfaceOrientationPortrait UIInterfaceOrientationPortraitUpsideDown UIInterfaceOrientationLandscapeLeft UIInterfaceOrientationLandscapeRight";
				INFOPLIST_KEY_UISupportedInterfaceOrientations_iPhone = "UIInterfaceOrientationPortrait UIInterfaceOrientationLandscapeLeft UIInterfaceOrientationLandscapeRight";
				LD_RUNPATH_SEARCH_PATHS = (
					"$(inherited)",
					"@executable_path/Frameworks",
				);
				MARKETING_VERSION = 1.0;
				PRODUCT_BUNDLE_IDENTIFIER = "project.viper-example";
				PRODUCT_NAME = "$(TARGET_NAME)";
				SWIFT_EMIT_LOC_STRINGS = YES;
				SWIFT_VERSION = 5.0;
				TARGETED_DEVICE_FAMILY = "1,2";
			};
			name = Debug;
		};
		C98F99AE2A9E78A500ADDE12 /* Release */ = {
			isa = XCBuildConfiguration;
			baseConfigurationReference = 7C4DCC148B45DF0A51E74638 /* Pods-viper-example.release.xcconfig */;
			buildSettings = {
				ASSETCATALOG_COMPILER_APPICON_NAME = AppIcon;
				ASSETCATALOG_COMPILER_GLOBAL_ACCENT_COLOR_NAME = AccentColor;
				CODE_SIGN_STYLE = Automatic;
				CURRENT_PROJECT_VERSION = 1;
				GENERATE_INFOPLIST_FILE = YES;
				INFOPLIST_FILE = "viper-example/Info.plist";
				INFOPLIST_KEY_UIApplicationSupportsIndirectInputEvents = YES;
				INFOPLIST_KEY_UILaunchStoryboardName = LaunchScreen;
				INFOPLIST_KEY_UIMainStoryboardFile = Main;
				INFOPLIST_KEY_UISupportedInterfaceOrientations_iPad = "UIInterfaceOrientationPortrait UIInterfaceOrientationPortraitUpsideDown UIInterfaceOrientationLandscapeLeft UIInterfaceOrientationLandscapeRight";
				INFOPLIST_KEY_UISupportedInterfaceOrientations_iPhone = "UIInterfaceOrientationPortrait UIInterfaceOrientationLandscapeLeft UIInterfaceOrientationLandscapeRight";
				LD_RUNPATH_SEARCH_PATHS = (
					"$(inherited)",
					"@executable_path/Frameworks",
				);
				MARKETING_VERSION = 1.0;
				PRODUCT_BUNDLE_IDENTIFIER = "project.viper-example";
				PRODUCT_NAME = "$(TARGET_NAME)";
				SWIFT_EMIT_LOC_STRINGS = YES;
				SWIFT_VERSION = 5.0;
				TARGETED_DEVICE_FAMILY = "1,2";
			};
			name = Release;
		};
		C98F99B02A9E78A500ADDE12 /* Debug */ = {
			isa = XCBuildConfiguration;
			baseConfigurationReference = 19F3A5CADECED040600CF4E4 /* Pods-viper-exampleTests.debug.xcconfig */;
			buildSettings = {
				ALWAYS_EMBED_SWIFT_STANDARD_LIBRARIES = YES;
				BUNDLE_LOADER = "$(TEST_HOST)";
				CODE_SIGN_STYLE = Automatic;
				CURRENT_PROJECT_VERSION = 1;
				GENERATE_INFOPLIST_FILE = YES;
				IPHONEOS_DEPLOYMENT_TARGET = 16.4;
				MARKETING_VERSION = 1.0;
				PRODUCT_BUNDLE_IDENTIFIER = "project.viper-exampleTests";
				PRODUCT_NAME = "$(TARGET_NAME)";
				SWIFT_EMIT_LOC_STRINGS = NO;
				SWIFT_VERSION = 5.0;
				TARGETED_DEVICE_FAMILY = "1,2";
				TEST_HOST = "$(BUILT_PRODUCTS_DIR)/viper-example.app/$(BUNDLE_EXECUTABLE_FOLDER_PATH)/viper-example";
			};
			name = Debug;
		};
		C98F99B12A9E78A500ADDE12 /* Release */ = {
			isa = XCBuildConfiguration;
			baseConfigurationReference = 74C07C6A3F9E8F9A4757BD57 /* Pods-viper-exampleTests.release.xcconfig */;
			buildSettings = {
				ALWAYS_EMBED_SWIFT_STANDARD_LIBRARIES = YES;
				BUNDLE_LOADER = "$(TEST_HOST)";
				CODE_SIGN_STYLE = Automatic;
				CURRENT_PROJECT_VERSION = 1;
				GENERATE_INFOPLIST_FILE = YES;
				IPHONEOS_DEPLOYMENT_TARGET = 16.4;
				MARKETING_VERSION = 1.0;
				PRODUCT_BUNDLE_IDENTIFIER = "project.viper-exampleTests";
				PRODUCT_NAME = "$(TARGET_NAME)";
				SWIFT_EMIT_LOC_STRINGS = NO;
				SWIFT_VERSION = 5.0;
				TARGETED_DEVICE_FAMILY = "1,2";
				TEST_HOST = "$(BUILT_PRODUCTS_DIR)/viper-example.app/$(BUNDLE_EXECUTABLE_FOLDER_PATH)/viper-example";
			};
			name = Release;
		};
		C98F99B32A9E78A500ADDE12 /* Debug */ = {
			isa = XCBuildConfiguration;
			baseConfigurationReference = 48F7650E74F26FA5FB34CBD1 /* Pods-viper-example-viper-exampleUITests.debug.xcconfig */;
			buildSettings = {
				ALWAYS_EMBED_SWIFT_STANDARD_LIBRARIES = YES;
				CODE_SIGN_STYLE = Automatic;
				CURRENT_PROJECT_VERSION = 1;
				GENERATE_INFOPLIST_FILE = YES;
				MARKETING_VERSION = 1.0;
				PRODUCT_BUNDLE_IDENTIFIER = "project.viper-exampleUITests";
				PRODUCT_NAME = "$(TARGET_NAME)";
				SWIFT_EMIT_LOC_STRINGS = NO;
				SWIFT_VERSION = 5.0;
				TARGETED_DEVICE_FAMILY = "1,2";
				TEST_TARGET_NAME = "viper-example";
			};
			name = Debug;
		};
		C98F99B42A9E78A500ADDE12 /* Release */ = {
			isa = XCBuildConfiguration;
			baseConfigurationReference = D53A5AFFD9B4D9E5AAFEA576 /* Pods-viper-example-viper-exampleUITests.release.xcconfig */;
			buildSettings = {
				ALWAYS_EMBED_SWIFT_STANDARD_LIBRARIES = YES;
				CODE_SIGN_STYLE = Automatic;
				CURRENT_PROJECT_VERSION = 1;
				GENERATE_INFOPLIST_FILE = YES;
				MARKETING_VERSION = 1.0;
				PRODUCT_BUNDLE_IDENTIFIER = "project.viper-exampleUITests";
				PRODUCT_NAME = "$(TARGET_NAME)";
				SWIFT_EMIT_LOC_STRINGS = NO;
				SWIFT_VERSION = 5.0;
				TARGETED_DEVICE_FAMILY = "1,2";
				TEST_TARGET_NAME = "viper-example";
			};
			name = Release;
		};
/* End XCBuildConfiguration section */

/* Begin XCConfigurationList section */
		C98F997A2A9E78A300ADDE12 /* Build configuration list for PBXProject "viper-example" */ = {
			isa = XCConfigurationList;
			buildConfigurations = (
				C98F99AA2A9E78A500ADDE12 /* Debug */,
				C98F99AB2A9E78A500ADDE12 /* Release */,
			);
			defaultConfigurationIsVisible = 0;
			defaultConfigurationName = Release;
		};
		C98F99AC2A9E78A500ADDE12 /* Build configuration list for PBXNativeTarget "viper-example" */ = {
			isa = XCConfigurationList;
			buildConfigurations = (
				C98F99AD2A9E78A500ADDE12 /* Debug */,
				C98F99AE2A9E78A500ADDE12 /* Release */,
			);
			defaultConfigurationIsVisible = 0;
			defaultConfigurationName = Release;
		};
		C98F99AF2A9E78A500ADDE12 /* Build configuration list for PBXNativeTarget "viper-exampleTests" */ = {
			isa = XCConfigurationList;
			buildConfigurations = (
				C98F99B02A9E78A500ADDE12 /* Debug */,
				C98F99B12A9E78A500ADDE12 /* Release */,
			);
			defaultConfigurationIsVisible = 0;
			defaultConfigurationName = Release;
		};
		C98F99B22A9E78A500ADDE12 /* Build configuration list for PBXNativeTarget "viper-exampleUITests" */ = {
			isa = XCConfigurationList;
			buildConfigurations = (
				C98F99B32A9E78A500ADDE12 /* Debug */,
				C98F99B42A9E78A500ADDE12 /* Release */,
			);
			defaultConfigurationIsVisible = 0;
			defaultConfigurationName = Release;
		};
/* End XCConfigurationList section */

/* Begin XCVersionGroup section */
		C98F998B2A9E78A300ADDE12 /* ViperExampleApp.xcdatamodeld */ = {
			isa = XCVersionGroup;
			children = (
				C98F998C2A9E78A300ADDE12 /* viper_example.xcdatamodel */,
			);
			currentVersion = C98F998C2A9E78A300ADDE12 /* viper_example.xcdatamodel */;
			path = ViperExampleApp.xcdatamodeld;
			sourceTree = "<group>";
			versionGroupType = wrapper.xcdatamodel;
		};
/* End XCVersionGroup section */
	};
	rootObject = C98F99772A9E78A300ADDE12 /* Project object */;
}
